// !$*UTF8*$!
{
	archiveVersion = 1;
	classes = {
	};
	objectVersion = 52;
	objects = {

/* Begin PBXBuildFile section */
		0A04444A26BBC67200897819 /* ChatMsgCell.swift in Sources */ = {isa = PBXBuildFile; fileRef = 0A04444926BBC67200897819 /* ChatMsgCell.swift */; };
		0A04444C26BBC7D900897819 /* ChatMsgVC.swift in Sources */ = {isa = PBXBuildFile; fileRef = 0A04444B26BBC7D900897819 /* ChatMsgVC.swift */; };
		0A77DA5226ADAD2700849D50 /* CityAreaUtil.swift in Sources */ = {isa = PBXBuildFile; fileRef = 0A77DA5126ADAD2700849D50 /* CityAreaUtil.swift */; };
		0A7B0C6126AFB847000C9A5E /* PublishDetailVC.swift in Sources */ = {isa = PBXBuildFile; fileRef = 0A7B0C6026AFB847000C9A5E /* PublishDetailVC.swift */; };
		0A918CB626B7901800120162 /* SDWebImage in Frameworks */ = {isa = PBXBuildFile; productRef = 0A918CB526B7901800120162 /* SDWebImage */; };
		0A918CB926B7904900120162 /* SnapKit in Frameworks */ = {isa = PBXBuildFile; productRef = 0A918CB826B7904900120162 /* SnapKit */; };
		0A918CBE26B7919F00120162 /* ZPageControl.swift in Sources */ = {isa = PBXBuildFile; fileRef = 0A918CBB26B7919F00120162 /* ZPageControl.swift */; };
		0A918CBF26B7919F00120162 /* ZCycleLayout.swift in Sources */ = {isa = PBXBuildFile; fileRef = 0A918CBC26B7919F00120162 /* ZCycleLayout.swift */; };
		0A918CC026B7919F00120162 /* ZCycleView.swift in Sources */ = {isa = PBXBuildFile; fileRef = 0A918CBD26B7919F00120162 /* ZCycleView.swift */; };
		0A918CC226B79A3100120162 /* CustomCollectionViewCell.swift in Sources */ = {isa = PBXBuildFile; fileRef = 0A918CC126B79A3100120162 /* CustomCollectionViewCell.swift */; };
		0A918CC426B7EA2400120162 /* Gender.swift in Sources */ = {isa = PBXBuildFile; fileRef = 0A918CC326B7EA2400120162 /* Gender.swift */; };
		0A918CC626B7EF5800120162 /* HouseType.swift in Sources */ = {isa = PBXBuildFile; fileRef = 0A918CC526B7EF5800120162 /* HouseType.swift */; };
		0AA58E2E26AD568800CCE8A4 /* PublishListTVC.swift in Sources */ = {isa = PBXBuildFile; fileRef = 0AA58E2D26AD568800CCE8A4 /* PublishListTVC.swift */; };
		0AEB665426AE935E00F8CB76 /* PublishCell.swift in Sources */ = {isa = PBXBuildFile; fileRef = 0AEB665326AE935E00F8CB76 /* PublishCell.swift */; };
		443066BF26AD010100E918B2 /* AppDelegate.swift in Sources */ = {isa = PBXBuildFile; fileRef = 443066BE26AD010100E918B2 /* AppDelegate.swift */; };
		443066C126AD010100E918B2 /* SceneDelegate.swift in Sources */ = {isa = PBXBuildFile; fileRef = 443066C026AD010100E918B2 /* SceneDelegate.swift */; };
		443066C626AD010100E918B2 /* Main.storyboard in Resources */ = {isa = PBXBuildFile; fileRef = 443066C426AD010100E918B2 /* Main.storyboard */; };
		443066C926AD010100E918B2 /* Project_ForFun_IOS.xcdatamodeld in Sources */ = {isa = PBXBuildFile; fileRef = 443066C726AD010100E918B2 /* Project_ForFun_IOS.xcdatamodeld */; };
		443066CB26AD010200E918B2 /* Assets.xcassets in Resources */ = {isa = PBXBuildFile; fileRef = 443066CA26AD010200E918B2 /* Assets.xcassets */; };
		443066CE26AD010200E918B2 /* LaunchScreen.storyboard in Resources */ = {isa = PBXBuildFile; fileRef = 443066CC26AD010200E918B2 /* LaunchScreen.storyboard */; };
		443066D726AD024800E918B2 /* FirebaseDatabaseSwift-Beta in Frameworks */ = {isa = PBXBuildFile; productRef = 443066D626AD024800E918B2 /* FirebaseDatabaseSwift-Beta */; };
		443066D926AD024800E918B2 /* FirebaseFirestoreSwift-Beta in Frameworks */ = {isa = PBXBuildFile; productRef = 443066D826AD024800E918B2 /* FirebaseFirestoreSwift-Beta */; };
		443066DB26AD024800E918B2 /* FirebaseMessaging in Frameworks */ = {isa = PBXBuildFile; productRef = 443066DA26AD024800E918B2 /* FirebaseMessaging */; };
		443066DD26AD024800E918B2 /* FirebaseAuth in Frameworks */ = {isa = PBXBuildFile; productRef = 443066DC26AD024800E918B2 /* FirebaseAuth */; };
		443066DF26AD024800E918B2 /* FirebaseStorageSwift-Beta in Frameworks */ = {isa = PBXBuildFile; productRef = 443066DE26AD024800E918B2 /* FirebaseStorageSwift-Beta */; };
		443066E126AD02CA00E918B2 /* GoogleService-Info.plist in Resources */ = {isa = PBXBuildFile; fileRef = 443066E026AD02CA00E918B2 /* GoogleService-Info.plist */; };
		443066E726AD17D400E918B2 /* CustomerServiceStoryboard.storyboard in Resources */ = {isa = PBXBuildFile; fileRef = 443066E626AD17D400E918B2 /* CustomerServiceStoryboard.storyboard */; };
		443066E926AD17FD00E918B2 /* PublishStoryboard.storyboard in Resources */ = {isa = PBXBuildFile; fileRef = 443066E826AD17FD00E918B2 /* PublishStoryboard.storyboard */; };
		443066EB26AD181B00E918B2 /* MemberStoryboard.storyboard in Resources */ = {isa = PBXBuildFile; fileRef = 443066EA26AD181B00E918B2 /* MemberStoryboard.storyboard */; };
		443066ED26AD183400E918B2 /* HouseOwnerStoryboard.storyboard in Resources */ = {isa = PBXBuildFile; fileRef = 443066EC26AD183400E918B2 /* HouseOwnerStoryboard.storyboard */; };
		443066EF26AD186100E918B2 /* ChatMsgStoryboard.storyboard in Resources */ = {isa = PBXBuildFile; fileRef = 443066EE26AD186100E918B2 /* ChatMsgStoryboard.storyboard */; };
		443066F126AD186F00E918B2 /* PostStoryboard.storyboard in Resources */ = {isa = PBXBuildFile; fileRef = 443066F026AD186F00E918B2 /* PostStoryboard.storyboard */; };
		443066F426AD1A1C00E918B2 /* OtherFunctionStoryboard.storyboard in Resources */ = {isa = PBXBuildFile; fileRef = 443066F326AD1A1C00E918B2 /* OtherFunctionStoryboard.storyboard */; };
		443066F626AD1ADE00E918B2 /* SignInVC.swift in Sources */ = {isa = PBXBuildFile; fileRef = 443066F526AD1ADE00E918B2 /* SignInVC.swift */; };
		443066FA26AD3F7E00E918B2 /* Report.swift in Sources */ = {isa = PBXBuildFile; fileRef = 443066F926AD3F7E00E918B2 /* Report.swift */; };
		443066FC26AD411800E918B2 /* CustomerService.swift in Sources */ = {isa = PBXBuildFile; fileRef = 443066FB26AD411800E918B2 /* CustomerService.swift */; };
		443066FE26AD424500E918B2 /* Publish.swift in Sources */ = {isa = PBXBuildFile; fileRef = 443066FD26AD424500E918B2 /* Publish.swift */; };
		4430670026AD445300E918B2 /* City.swift in Sources */ = {isa = PBXBuildFile; fileRef = 443066FF26AD445300E918B2 /* City.swift */; };
		4430670226AD44D700E918B2 /* Area.swift in Sources */ = {isa = PBXBuildFile; fileRef = 4430670126AD44D700E918B2 /* Area.swift */; };
		4430670426AD459E00E918B2 /* Order.swift in Sources */ = {isa = PBXBuildFile; fileRef = 4430670326AD459E00E918B2 /* Order.swift */; };
		4430670626AD471900E918B2 /* Post.swift in Sources */ = {isa = PBXBuildFile; fileRef = 4430670526AD471900E918B2 /* Post.swift */; };
		4430670826AD47F400E918B2 /* Comment.swift in Sources */ = {isa = PBXBuildFile; fileRef = 4430670726AD47F400E918B2 /* Comment.swift */; };
		4430670A26AD48AF00E918B2 /* ChatRoom.swift in Sources */ = {isa = PBXBuildFile; fileRef = 4430670926AD48AF00E918B2 /* ChatRoom.swift */; };
		4430670C26AD494C00E918B2 /* Message.swift in Sources */ = {isa = PBXBuildFile; fileRef = 4430670B26AD494C00E918B2 /* Message.swift */; };
		4451FC7F26B00275004C9062 /* ChatMsgListTVC.swift in Sources */ = {isa = PBXBuildFile; fileRef = 4430670F26AFAB8900E918B2 /* ChatMsgListTVC.swift */; };
		9B0D4D9E26BEF729007BFCAB /* PostListVC.swift in Sources */ = {isa = PBXBuildFile; fileRef = 9B0D4D9D26BEF729007BFCAB /* PostListVC.swift */; };
		9B4CFB0526BCE76200EE0A79 /* PostCell.swift in Sources */ = {isa = PBXBuildFile; fileRef = 9B4CFB0426BCE76200EE0A79 /* PostCell.swift */; };
		9B53F00826BD9FEE00CC697A /* PostListDetailVC.swift in Sources */ = {isa = PBXBuildFile; fileRef = 9B53F00726BD9FEE00CC697A /* PostListDetailVC.swift */; };
		B67AB90E26AEFCF1001DA93E /* MemberDatailVC.swift in Sources */ = {isa = PBXBuildFile; fileRef = B67AB90D26AEFCF1001DA93E /* MemberDatailVC.swift */; };
		B68FC35126AD220A001141D5 /* Common.swift in Sources */ = {isa = PBXBuildFile; fileRef = B68FC35026AD220A001141D5 /* Common.swift */; };
		B68FC35C26AD226D001141D5 /* customerresp.png in Resources */ = {isa = PBXBuildFile; fileRef = B68FC35326AD226C001141D5 /* customerresp.png */; };
		B68FC35D26AD226D001141D5 /* memberstatus.png in Resources */ = {isa = PBXBuildFile; fileRef = B68FC35426AD226C001141D5 /* memberstatus.png */; };
		B68FC35E26AD226D001141D5 /* logout.png in Resources */ = {isa = PBXBuildFile; fileRef = B68FC35526AD226C001141D5 /* logout.png */; };
		B68FC35F26AD226D001141D5 /* landlordcheck.png in Resources */ = {isa = PBXBuildFile; fileRef = B68FC35626AD226C001141D5 /* landlordcheck.png */; };
		B68FC36026AD226D001141D5 /* publishcheck.png in Resources */ = {isa = PBXBuildFile; fileRef = B68FC35726AD226C001141D5 /* publishcheck.png */; };
		B68FC36126AD226D001141D5 /* postcheck.png in Resources */ = {isa = PBXBuildFile; fileRef = B68FC35826AD226C001141D5 /* postcheck.png */; };
		B68FC36226AD226D001141D5 /* else.png in Resources */ = {isa = PBXBuildFile; fileRef = B68FC35926AD226D001141D5 /* else.png */; };
		B68FC36326AD226D001141D5 /* commoncheck.png in Resources */ = {isa = PBXBuildFile; fileRef = B68FC35A26AD226D001141D5 /* commoncheck.png */; };
		B68FC36426AD226D001141D5 /* signin.png in Resources */ = {isa = PBXBuildFile; fileRef = B68FC35B26AD226D001141D5 /* signin.png */; };
		B68FC36626AD227D001141D5 /* Member.swift in Sources */ = {isa = PBXBuildFile; fileRef = B68FC36526AD227D001141D5 /* Member.swift */; };
		B68FC36926AD2350001141D5 /* MenuCell.swift in Sources */ = {isa = PBXBuildFile; fileRef = B68FC36826AD2350001141D5 /* MenuCell.swift */; };
		B68FC36B26AD2357001141D5 /* MemberCell.swift in Sources */ = {isa = PBXBuildFile; fileRef = B68FC36A26AD2357001141D5 /* MemberCell.swift */; };
		B68FC36F26AD2973001141D5 /* HomeVC.swift in Sources */ = {isa = PBXBuildFile; fileRef = B68FC36E26AD2973001141D5 /* HomeVC.swift */; };
		B68FC37126AD29D9001141D5 /* Menu.swift in Sources */ = {isa = PBXBuildFile; fileRef = B68FC37026AD29D9001141D5 /* Menu.swift */; };
		B68FC37626AD77E4001141D5 /* MemberListVC.swift in Sources */ = {isa = PBXBuildFile; fileRef = B68FC37526AD77E4001141D5 /* MemberListVC.swift */; };
		B68FC37826AD7CFE001141D5 /* noimage.jpg in Resources */ = {isa = PBXBuildFile; fileRef = B68FC37726AD7CFD001141D5 /* noimage.jpg */; };
		B6EA91E226B2ECD600D14659 /* HouseOwnerListVC.swift in Sources */ = {isa = PBXBuildFile; fileRef = B6EA91E126B2ECD600D14659 /* HouseOwnerListVC.swift */; };
		B6EA91E426B2F3A500D14659 /* MemberSearchListVC.swift in Sources */ = {isa = PBXBuildFile; fileRef = B6EA91E326B2F3A500D14659 /* MemberSearchListVC.swift */; };
		B6FB0D8026B51BAE00AD7B6F /* HouseOwnerDetailVC.swift in Sources */ = {isa = PBXBuildFile; fileRef = B6FB0D7F26B51BAE00AD7B6F /* HouseOwnerDetailVC.swift */; };
/* End PBXBuildFile section */

/* Begin PBXFileReference section */
		0A04444926BBC67200897819 /* ChatMsgCell.swift */ = {isa = PBXFileReference; fileEncoding = 4; lastKnownFileType = sourcecode.swift; path = ChatMsgCell.swift; sourceTree = "<group>"; };
		0A04444B26BBC7D900897819 /* ChatMsgVC.swift */ = {isa = PBXFileReference; fileEncoding = 4; lastKnownFileType = sourcecode.swift; path = ChatMsgVC.swift; sourceTree = "<group>"; };
		0A77DA5126ADAD2700849D50 /* CityAreaUtil.swift */ = {isa = PBXFileReference; lastKnownFileType = sourcecode.swift; path = CityAreaUtil.swift; sourceTree = "<group>"; };
		0A7B0C6026AFB847000C9A5E /* PublishDetailVC.swift */ = {isa = PBXFileReference; lastKnownFileType = sourcecode.swift; path = PublishDetailVC.swift; sourceTree = "<group>"; };
		0A918CBB26B7919F00120162 /* ZPageControl.swift */ = {isa = PBXFileReference; fileEncoding = 4; lastKnownFileType = sourcecode.swift; path = ZPageControl.swift; sourceTree = "<group>"; };
		0A918CBC26B7919F00120162 /* ZCycleLayout.swift */ = {isa = PBXFileReference; fileEncoding = 4; lastKnownFileType = sourcecode.swift; path = ZCycleLayout.swift; sourceTree = "<group>"; };
		0A918CBD26B7919F00120162 /* ZCycleView.swift */ = {isa = PBXFileReference; fileEncoding = 4; lastKnownFileType = sourcecode.swift; path = ZCycleView.swift; sourceTree = "<group>"; };
		0A918CC126B79A3100120162 /* CustomCollectionViewCell.swift */ = {isa = PBXFileReference; fileEncoding = 4; lastKnownFileType = sourcecode.swift; path = CustomCollectionViewCell.swift; sourceTree = "<group>"; };
		0A918CC326B7EA2400120162 /* Gender.swift */ = {isa = PBXFileReference; lastKnownFileType = sourcecode.swift; path = Gender.swift; sourceTree = "<group>"; };
		0A918CC526B7EF5800120162 /* HouseType.swift */ = {isa = PBXFileReference; lastKnownFileType = sourcecode.swift; path = HouseType.swift; sourceTree = "<group>"; };
		0AA58E2D26AD568800CCE8A4 /* PublishListTVC.swift */ = {isa = PBXFileReference; lastKnownFileType = sourcecode.swift; path = PublishListTVC.swift; sourceTree = "<group>"; };
		0AEB665326AE935E00F8CB76 /* PublishCell.swift */ = {isa = PBXFileReference; lastKnownFileType = sourcecode.swift; path = PublishCell.swift; sourceTree = "<group>"; };
		443066BB26AD010100E918B2 /* Project_ForFun_IOS.app */ = {isa = PBXFileReference; explicitFileType = wrapper.application; includeInIndex = 0; path = Project_ForFun_IOS.app; sourceTree = BUILT_PRODUCTS_DIR; };
		443066BE26AD010100E918B2 /* AppDelegate.swift */ = {isa = PBXFileReference; lastKnownFileType = sourcecode.swift; path = AppDelegate.swift; sourceTree = "<group>"; };
		443066C026AD010100E918B2 /* SceneDelegate.swift */ = {isa = PBXFileReference; lastKnownFileType = sourcecode.swift; path = SceneDelegate.swift; sourceTree = "<group>"; };
		443066C526AD010100E918B2 /* Base */ = {isa = PBXFileReference; lastKnownFileType = file.storyboard; name = Base; path = Base.lproj/Main.storyboard; sourceTree = "<group>"; };
		443066C826AD010100E918B2 /* Project_ForFun_IOS.xcdatamodel */ = {isa = PBXFileReference; lastKnownFileType = wrapper.xcdatamodel; path = Project_ForFun_IOS.xcdatamodel; sourceTree = "<group>"; };
		443066CA26AD010200E918B2 /* Assets.xcassets */ = {isa = PBXFileReference; lastKnownFileType = folder.assetcatalog; path = Assets.xcassets; sourceTree = "<group>"; };
		443066CD26AD010200E918B2 /* Base */ = {isa = PBXFileReference; lastKnownFileType = file.storyboard; name = Base; path = Base.lproj/LaunchScreen.storyboard; sourceTree = "<group>"; };
		443066CF26AD010200E918B2 /* Info.plist */ = {isa = PBXFileReference; lastKnownFileType = text.plist.xml; path = Info.plist; sourceTree = "<group>"; };
		443066E026AD02CA00E918B2 /* GoogleService-Info.plist */ = {isa = PBXFileReference; fileEncoding = 4; lastKnownFileType = text.plist.xml; path = "GoogleService-Info.plist"; sourceTree = "<group>"; };
		443066E626AD17D400E918B2 /* CustomerServiceStoryboard.storyboard */ = {isa = PBXFileReference; lastKnownFileType = file.storyboard; path = CustomerServiceStoryboard.storyboard; sourceTree = "<group>"; };
		443066E826AD17FD00E918B2 /* PublishStoryboard.storyboard */ = {isa = PBXFileReference; lastKnownFileType = file.storyboard; path = PublishStoryboard.storyboard; sourceTree = "<group>"; };
		443066EA26AD181B00E918B2 /* MemberStoryboard.storyboard */ = {isa = PBXFileReference; lastKnownFileType = file.storyboard; path = MemberStoryboard.storyboard; sourceTree = "<group>"; };
		443066EC26AD183400E918B2 /* HouseOwnerStoryboard.storyboard */ = {isa = PBXFileReference; lastKnownFileType = file.storyboard; path = HouseOwnerStoryboard.storyboard; sourceTree = "<group>"; };
		443066EE26AD186100E918B2 /* ChatMsgStoryboard.storyboard */ = {isa = PBXFileReference; lastKnownFileType = file.storyboard; path = ChatMsgStoryboard.storyboard; sourceTree = "<group>"; };
		443066F026AD186F00E918B2 /* PostStoryboard.storyboard */ = {isa = PBXFileReference; lastKnownFileType = file.storyboard; path = PostStoryboard.storyboard; sourceTree = "<group>"; };
		443066F326AD1A1C00E918B2 /* OtherFunctionStoryboard.storyboard */ = {isa = PBXFileReference; lastKnownFileType = file.storyboard; path = OtherFunctionStoryboard.storyboard; sourceTree = "<group>"; };
		443066F526AD1ADE00E918B2 /* SignInVC.swift */ = {isa = PBXFileReference; lastKnownFileType = sourcecode.swift; path = SignInVC.swift; sourceTree = "<group>"; };
		443066F926AD3F7E00E918B2 /* Report.swift */ = {isa = PBXFileReference; lastKnownFileType = sourcecode.swift; path = Report.swift; sourceTree = "<group>"; };
		443066FB26AD411800E918B2 /* CustomerService.swift */ = {isa = PBXFileReference; lastKnownFileType = sourcecode.swift; path = CustomerService.swift; sourceTree = "<group>"; };
		443066FD26AD424500E918B2 /* Publish.swift */ = {isa = PBXFileReference; lastKnownFileType = sourcecode.swift; path = Publish.swift; sourceTree = "<group>"; };
		443066FF26AD445300E918B2 /* City.swift */ = {isa = PBXFileReference; lastKnownFileType = sourcecode.swift; path = City.swift; sourceTree = "<group>"; };
		4430670126AD44D700E918B2 /* Area.swift */ = {isa = PBXFileReference; lastKnownFileType = sourcecode.swift; path = Area.swift; sourceTree = "<group>"; };
		4430670326AD459E00E918B2 /* Order.swift */ = {isa = PBXFileReference; lastKnownFileType = sourcecode.swift; path = Order.swift; sourceTree = "<group>"; };
		4430670526AD471900E918B2 /* Post.swift */ = {isa = PBXFileReference; lastKnownFileType = sourcecode.swift; path = Post.swift; sourceTree = "<group>"; };
		4430670726AD47F400E918B2 /* Comment.swift */ = {isa = PBXFileReference; lastKnownFileType = sourcecode.swift; path = Comment.swift; sourceTree = "<group>"; };
		4430670926AD48AF00E918B2 /* ChatRoom.swift */ = {isa = PBXFileReference; lastKnownFileType = sourcecode.swift; path = ChatRoom.swift; sourceTree = "<group>"; };
		4430670B26AD494C00E918B2 /* Message.swift */ = {isa = PBXFileReference; lastKnownFileType = sourcecode.swift; path = Message.swift; sourceTree = "<group>"; };
		4430670F26AFAB8900E918B2 /* ChatMsgListTVC.swift */ = {isa = PBXFileReference; lastKnownFileType = sourcecode.swift; path = ChatMsgListTVC.swift; sourceTree = "<group>"; };
		9B0D4D9D26BEF729007BFCAB /* PostListVC.swift */ = {isa = PBXFileReference; lastKnownFileType = sourcecode.swift; path = PostListVC.swift; sourceTree = "<group>"; };
		9B4CFB0426BCE76200EE0A79 /* PostCell.swift */ = {isa = PBXFileReference; lastKnownFileType = sourcecode.swift; path = PostCell.swift; sourceTree = "<group>"; };
		9B53F00726BD9FEE00CC697A /* PostListDetailVC.swift */ = {isa = PBXFileReference; lastKnownFileType = sourcecode.swift; path = PostListDetailVC.swift; sourceTree = "<group>"; };
		B67AB90D26AEFCF1001DA93E /* MemberDatailVC.swift */ = {isa = PBXFileReference; lastKnownFileType = sourcecode.swift; path = MemberDatailVC.swift; sourceTree = "<group>"; };
		B68FC35026AD220A001141D5 /* Common.swift */ = {isa = PBXFileReference; lastKnownFileType = sourcecode.swift; path = Common.swift; sourceTree = "<group>"; };
		B68FC35326AD226C001141D5 /* customerresp.png */ = {isa = PBXFileReference; lastKnownFileType = image.png; path = customerresp.png; sourceTree = "<group>"; };
		B68FC35426AD226C001141D5 /* memberstatus.png */ = {isa = PBXFileReference; lastKnownFileType = image.png; path = memberstatus.png; sourceTree = "<group>"; };
		B68FC35526AD226C001141D5 /* logout.png */ = {isa = PBXFileReference; lastKnownFileType = image.png; path = logout.png; sourceTree = "<group>"; };
		B68FC35626AD226C001141D5 /* landlordcheck.png */ = {isa = PBXFileReference; lastKnownFileType = image.png; path = landlordcheck.png; sourceTree = "<group>"; };
		B68FC35726AD226C001141D5 /* publishcheck.png */ = {isa = PBXFileReference; lastKnownFileType = image.png; path = publishcheck.png; sourceTree = "<group>"; };
		B68FC35826AD226C001141D5 /* postcheck.png */ = {isa = PBXFileReference; lastKnownFileType = image.png; path = postcheck.png; sourceTree = "<group>"; };
		B68FC35926AD226D001141D5 /* else.png */ = {isa = PBXFileReference; lastKnownFileType = image.png; path = else.png; sourceTree = "<group>"; };
		B68FC35A26AD226D001141D5 /* commoncheck.png */ = {isa = PBXFileReference; lastKnownFileType = image.png; path = commoncheck.png; sourceTree = "<group>"; };
		B68FC35B26AD226D001141D5 /* signin.png */ = {isa = PBXFileReference; lastKnownFileType = image.png; path = signin.png; sourceTree = "<group>"; };
		B68FC36526AD227D001141D5 /* Member.swift */ = {isa = PBXFileReference; fileEncoding = 4; lastKnownFileType = sourcecode.swift; path = Member.swift; sourceTree = "<group>"; };
		B68FC36826AD2350001141D5 /* MenuCell.swift */ = {isa = PBXFileReference; fileEncoding = 4; lastKnownFileType = sourcecode.swift; path = MenuCell.swift; sourceTree = "<group>"; };
		B68FC36A26AD2357001141D5 /* MemberCell.swift */ = {isa = PBXFileReference; fileEncoding = 4; lastKnownFileType = sourcecode.swift; path = MemberCell.swift; sourceTree = "<group>"; };
		B68FC36E26AD2973001141D5 /* HomeVC.swift */ = {isa = PBXFileReference; lastKnownFileType = sourcecode.swift; path = HomeVC.swift; sourceTree = "<group>"; };
		B68FC37026AD29D9001141D5 /* Menu.swift */ = {isa = PBXFileReference; fileEncoding = 4; lastKnownFileType = sourcecode.swift; path = Menu.swift; sourceTree = "<group>"; };
		B68FC37526AD77E4001141D5 /* MemberListVC.swift */ = {isa = PBXFileReference; lastKnownFileType = sourcecode.swift; path = MemberListVC.swift; sourceTree = "<group>"; };
		B68FC37726AD7CFD001141D5 /* noimage.jpg */ = {isa = PBXFileReference; lastKnownFileType = image.jpeg; path = noimage.jpg; sourceTree = "<group>"; };
		B6EA91E126B2ECD600D14659 /* HouseOwnerListVC.swift */ = {isa = PBXFileReference; lastKnownFileType = sourcecode.swift; path = HouseOwnerListVC.swift; sourceTree = "<group>"; };
		B6EA91E326B2F3A500D14659 /* MemberSearchListVC.swift */ = {isa = PBXFileReference; lastKnownFileType = sourcecode.swift; path = MemberSearchListVC.swift; sourceTree = "<group>"; };
		B6FB0D7F26B51BAE00AD7B6F /* HouseOwnerDetailVC.swift */ = {isa = PBXFileReference; lastKnownFileType = sourcecode.swift; path = HouseOwnerDetailVC.swift; sourceTree = "<group>"; };
/* End PBXFileReference section */

/* Begin PBXFrameworksBuildPhase section */
		443066B826AD010100E918B2 /* Frameworks */ = {
			isa = PBXFrameworksBuildPhase;
			buildActionMask = 2147483647;
			files = (
				0A918CB626B7901800120162 /* SDWebImage in Frameworks */,
				443066DF26AD024800E918B2 /* FirebaseStorageSwift-Beta in Frameworks */,
				443066DB26AD024800E918B2 /* FirebaseMessaging in Frameworks */,
				0A918CB926B7904900120162 /* SnapKit in Frameworks */,
				443066D726AD024800E918B2 /* FirebaseDatabaseSwift-Beta in Frameworks */,
				443066D926AD024800E918B2 /* FirebaseFirestoreSwift-Beta in Frameworks */,
				443066DD26AD024800E918B2 /* FirebaseAuth in Frameworks */,
			);
			runOnlyForDeploymentPostprocessing = 0;
		};
/* End PBXFrameworksBuildPhase section */

/* Begin PBXGroup section */
		0A918CBA26B7919200120162 /* ZCycle */ = {
			isa = PBXGroup;
			children = (
				0A918CBC26B7919F00120162 /* ZCycleLayout.swift */,
				0A918CBD26B7919F00120162 /* ZCycleView.swift */,
				0A918CBB26B7919F00120162 /* ZPageControl.swift */,
			);
			path = ZCycle;
			sourceTree = "<group>";
		};
		443066B226AD010100E918B2 = {
			isa = PBXGroup;
			children = (
				443066BD26AD010100E918B2 /* Project_ForFun_IOS */,
				443066BC26AD010100E918B2 /* Products */,
			);
			sourceTree = "<group>";
		};
		443066BC26AD010100E918B2 /* Products */ = {
			isa = PBXGroup;
			children = (
				443066BB26AD010100E918B2 /* Project_ForFun_IOS.app */,
			);
			name = Products;
			sourceTree = "<group>";
		};
		443066BD26AD010100E918B2 /* Project_ForFun_IOS */ = {
			isa = PBXGroup;
			children = (
				B68FC36726AD233D001141D5 /* Cell */,
				B68FC35226AD2262001141D5 /* Images */,
				B68FC34F26AD21FF001141D5 /* Common */,
				443066F226AD187600E918B2 /* Storyboard */,
				443066E326AD02FC00E918B2 /* ViewController */,
				443066E026AD02CA00E918B2 /* GoogleService-Info.plist */,
				443066BE26AD010100E918B2 /* AppDelegate.swift */,
				443066C026AD010100E918B2 /* SceneDelegate.swift */,
				443066CA26AD010200E918B2 /* Assets.xcassets */,
				443066CC26AD010200E918B2 /* LaunchScreen.storyboard */,
				443066CF26AD010200E918B2 /* Info.plist */,
				443066C726AD010100E918B2 /* Project_ForFun_IOS.xcdatamodeld */,
			);
			path = Project_ForFun_IOS;
			sourceTree = "<group>";
		};
		443066E326AD02FC00E918B2 /* ViewController */ = {
			isa = PBXGroup;
			children = (
				B6EA91E526B2FD5300D14659 /* Member */,
				4430670F26AFAB8900E918B2 /* ChatMsgListTVC.swift */,
				0A04444B26BBC7D900897819 /* ChatMsgVC.swift */,
				443066F526AD1ADE00E918B2 /* SignInVC.swift */,
				B68FC36E26AD2973001141D5 /* HomeVC.swift */,
				0AA58E2D26AD568800CCE8A4 /* PublishListTVC.swift */,
				0A7B0C6026AFB847000C9A5E /* PublishDetailVC.swift */,
				9B53F00726BD9FEE00CC697A /* PostListDetailVC.swift */,
				9B0D4D9D26BEF729007BFCAB /* PostListVC.swift */,
			);
			path = ViewController;
			sourceTree = "<group>";
		};
		443066F226AD187600E918B2 /* Storyboard */ = {
			isa = PBXGroup;
			children = (
				443066C426AD010100E918B2 /* Main.storyboard */,
				443066E626AD17D400E918B2 /* CustomerServiceStoryboard.storyboard */,
				443066E826AD17FD00E918B2 /* PublishStoryboard.storyboard */,
				443066EA26AD181B00E918B2 /* MemberStoryboard.storyboard */,
				443066EC26AD183400E918B2 /* HouseOwnerStoryboard.storyboard */,
				443066EE26AD186100E918B2 /* ChatMsgStoryboard.storyboard */,
				443066F026AD186F00E918B2 /* PostStoryboard.storyboard */,
				443066F326AD1A1C00E918B2 /* OtherFunctionStoryboard.storyboard */,
			);
			path = Storyboard;
			sourceTree = "<group>";
		};
		B68FC34F26AD21FF001141D5 /* Common */ = {
			isa = PBXGroup;
			children = (
				0A918CBA26B7919200120162 /* ZCycle */,
				B68FC37226AD2E77001141D5 /* Bean */,
				B68FC37026AD29D9001141D5 /* Menu.swift */,
				0A918CC326B7EA2400120162 /* Gender.swift */,
				0A918CC526B7EF5800120162 /* HouseType.swift */,
				B68FC35026AD220A001141D5 /* Common.swift */,
				0A77DA5126ADAD2700849D50 /* CityAreaUtil.swift */,
			);
			path = Common;
			sourceTree = "<group>";
		};
		B68FC35226AD2262001141D5 /* Images */ = {
			isa = PBXGroup;
			children = (
				B68FC35A26AD226D001141D5 /* commoncheck.png */,
				B68FC37726AD7CFD001141D5 /* noimage.jpg */,
				B68FC35326AD226C001141D5 /* customerresp.png */,
				B68FC35926AD226D001141D5 /* else.png */,
				B68FC35626AD226C001141D5 /* landlordcheck.png */,
				B68FC35526AD226C001141D5 /* logout.png */,
				B68FC35426AD226C001141D5 /* memberstatus.png */,
				B68FC35826AD226C001141D5 /* postcheck.png */,
				B68FC35726AD226C001141D5 /* publishcheck.png */,
				B68FC35B26AD226D001141D5 /* signin.png */,
			);
			path = Images;
			sourceTree = "<group>";
		};
		B68FC36726AD233D001141D5 /* Cell */ = {
			isa = PBXGroup;
			children = (
				0A04444926BBC67200897819 /* ChatMsgCell.swift */,
				B68FC36826AD2350001141D5 /* MenuCell.swift */,
				B68FC36A26AD2357001141D5 /* MemberCell.swift */,
				0AEB665326AE935E00F8CB76 /* PublishCell.swift */,
				0A918CC126B79A3100120162 /* CustomCollectionViewCell.swift */,
				9B4CFB0426BCE76200EE0A79 /* PostCell.swift */,
			);
			path = Cell;
			sourceTree = "<group>";
		};
		B68FC37226AD2E77001141D5 /* Bean */ = {
			isa = PBXGroup;
			children = (
				B68FC36526AD227D001141D5 /* Member.swift */,
				443066F926AD3F7E00E918B2 /* Report.swift */,
				443066FB26AD411800E918B2 /* CustomerService.swift */,
				443066FD26AD424500E918B2 /* Publish.swift */,
				443066FF26AD445300E918B2 /* City.swift */,
				4430670126AD44D700E918B2 /* Area.swift */,
				4430670326AD459E00E918B2 /* Order.swift */,
				4430670526AD471900E918B2 /* Post.swift */,
				4430670726AD47F400E918B2 /* Comment.swift */,
				4430670926AD48AF00E918B2 /* ChatRoom.swift */,
				4430670B26AD494C00E918B2 /* Message.swift */,
			);
			path = Bean;
			sourceTree = "<group>";
		};
		B6EA91E526B2FD5300D14659 /* Member */ = {
			isa = PBXGroup;
			children = (
				B6EA91E326B2F3A500D14659 /* MemberSearchListVC.swift */,
				B68FC37526AD77E4001141D5 /* MemberListVC.swift */,
				B67AB90D26AEFCF1001DA93E /* MemberDatailVC.swift */,
				B6EA91E126B2ECD600D14659 /* HouseOwnerListVC.swift */,
				B6FB0D7F26B51BAE00AD7B6F /* HouseOwnerDetailVC.swift */,
			);
			path = Member;
			sourceTree = "<group>";
		};
/* End PBXGroup section */

/* Begin PBXNativeTarget section */
		443066BA26AD010100E918B2 /* Project_ForFun_IOS */ = {
			isa = PBXNativeTarget;
			buildConfigurationList = 443066D226AD010200E918B2 /* Build configuration list for PBXNativeTarget "Project_ForFun_IOS" */;
			buildPhases = (
				443066B726AD010100E918B2 /* Sources */,
				443066B826AD010100E918B2 /* Frameworks */,
				443066B926AD010100E918B2 /* Resources */,
			);
			buildRules = (
			);
			dependencies = (
			);
			name = Project_ForFun_IOS;
			packageProductDependencies = (
				443066D626AD024800E918B2 /* FirebaseDatabaseSwift-Beta */,
				443066D826AD024800E918B2 /* FirebaseFirestoreSwift-Beta */,
				443066DA26AD024800E918B2 /* FirebaseMessaging */,
				443066DC26AD024800E918B2 /* FirebaseAuth */,
				443066DE26AD024800E918B2 /* FirebaseStorageSwift-Beta */,
				0A918CB526B7901800120162 /* SDWebImage */,
				0A918CB826B7904900120162 /* SnapKit */,
			);
			productName = Project_ForFun_IOS;
			productReference = 443066BB26AD010100E918B2 /* Project_ForFun_IOS.app */;
			productType = "com.apple.product-type.application";
		};
/* End PBXNativeTarget section */

/* Begin PBXProject section */
		443066B326AD010100E918B2 /* Project object */ = {
			isa = PBXProject;
			attributes = {
				LastSwiftUpdateCheck = 1250;
				LastUpgradeCheck = 1250;
				TargetAttributes = {
					443066BA26AD010100E918B2 = {
						CreatedOnToolsVersion = 12.5.1;
					};
				};
			};
			buildConfigurationList = 443066B626AD010100E918B2 /* Build configuration list for PBXProject "Project_ForFun_IOS" */;
			compatibilityVersion = "Xcode 9.3";
			developmentRegion = en;
			hasScannedForEncodings = 0;
			knownRegions = (
				en,
				Base,
			);
			mainGroup = 443066B226AD010100E918B2;
			packageReferences = (
				443066D526AD024800E918B2 /* XCRemoteSwiftPackageReference "firebase-ios-sdk" */,
				0A918CB426B7901800120162 /* XCRemoteSwiftPackageReference "SDWebImage" */,
				0A918CB726B7904900120162 /* XCRemoteSwiftPackageReference "SnapKit" */,
			);
			productRefGroup = 443066BC26AD010100E918B2 /* Products */;
			projectDirPath = "";
			projectRoot = "";
			targets = (
				443066BA26AD010100E918B2 /* Project_ForFun_IOS */,
			);
		};
/* End PBXProject section */

/* Begin PBXResourcesBuildPhase section */
		443066B926AD010100E918B2 /* Resources */ = {
			isa = PBXResourcesBuildPhase;
			buildActionMask = 2147483647;
			files = (
				443066CE26AD010200E918B2 /* LaunchScreen.storyboard in Resources */,
				443066F126AD186F00E918B2 /* PostStoryboard.storyboard in Resources */,
				B68FC36226AD226D001141D5 /* else.png in Resources */,
				B68FC35F26AD226D001141D5 /* landlordcheck.png in Resources */,
				443066EB26AD181B00E918B2 /* MemberStoryboard.storyboard in Resources */,
				B68FC35C26AD226D001141D5 /* customerresp.png in Resources */,
				B68FC37826AD7CFE001141D5 /* noimage.jpg in Resources */,
				B68FC36126AD226D001141D5 /* postcheck.png in Resources */,
				443066F426AD1A1C00E918B2 /* OtherFunctionStoryboard.storyboard in Resources */,
				443066E926AD17FD00E918B2 /* PublishStoryboard.storyboard in Resources */,
				B68FC36426AD226D001141D5 /* signin.png in Resources */,
				443066E126AD02CA00E918B2 /* GoogleService-Info.plist in Resources */,
				B68FC36326AD226D001141D5 /* commoncheck.png in Resources */,
				B68FC36026AD226D001141D5 /* publishcheck.png in Resources */,
				443066CB26AD010200E918B2 /* Assets.xcassets in Resources */,
				B68FC35D26AD226D001141D5 /* memberstatus.png in Resources */,
				443066C626AD010100E918B2 /* Main.storyboard in Resources */,
				443066ED26AD183400E918B2 /* HouseOwnerStoryboard.storyboard in Resources */,
				B68FC35E26AD226D001141D5 /* logout.png in Resources */,
				443066E726AD17D400E918B2 /* CustomerServiceStoryboard.storyboard in Resources */,
				443066EF26AD186100E918B2 /* ChatMsgStoryboard.storyboard in Resources */,
			);
			runOnlyForDeploymentPostprocessing = 0;
		};
/* End PBXResourcesBuildPhase section */

/* Begin PBXSourcesBuildPhase section */
		443066B726AD010100E918B2 /* Sources */ = {
			isa = PBXSourcesBuildPhase;
			buildActionMask = 2147483647;
			files = (
				B68FC37626AD77E4001141D5 /* MemberListVC.swift in Sources */,
				4430670A26AD48AF00E918B2 /* ChatRoom.swift in Sources */,
				9B4CFB0526BCE76200EE0A79 /* PostCell.swift in Sources */,
				443066FA26AD3F7E00E918B2 /* Report.swift in Sources */,
				0A04444A26BBC67200897819 /* ChatMsgCell.swift in Sources */,
				B67AB90E26AEFCF1001DA93E /* MemberDatailVC.swift in Sources */,
				B68FC36926AD2350001141D5 /* MenuCell.swift in Sources */,
				4430670426AD459E00E918B2 /* Order.swift in Sources */,
				0A918CC426B7EA2400120162 /* Gender.swift in Sources */,
				B6EA91E426B2F3A500D14659 /* MemberSearchListVC.swift in Sources */,
				443066F626AD1ADE00E918B2 /* SignInVC.swift in Sources */,
				0AEB665426AE935E00F8CB76 /* PublishCell.swift in Sources */,
				4430670626AD471900E918B2 /* Post.swift in Sources */,
				443066FC26AD411800E918B2 /* CustomerService.swift in Sources */,
				4451FC7F26B00275004C9062 /* ChatMsgListTVC.swift in Sources */,
				0A918CBE26B7919F00120162 /* ZPageControl.swift in Sources */,
				443066FE26AD424500E918B2 /* Publish.swift in Sources */,
				4430670826AD47F400E918B2 /* Comment.swift in Sources */,
				B68FC36626AD227D001141D5 /* Member.swift in Sources */,
				4430670026AD445300E918B2 /* City.swift in Sources */,
				B68FC36F26AD2973001141D5 /* HomeVC.swift in Sources */,
				0A77DA5226ADAD2700849D50 /* CityAreaUtil.swift in Sources */,
				9B53F00826BD9FEE00CC697A /* PostListDetailVC.swift in Sources */,
				B68FC37126AD29D9001141D5 /* Menu.swift in Sources */,
				0A04444C26BBC7D900897819 /* ChatMsgVC.swift in Sources */,
				B68FC36B26AD2357001141D5 /* MemberCell.swift in Sources */,
				0A918CBF26B7919F00120162 /* ZCycleLayout.swift in Sources */,
				0AA58E2E26AD568800CCE8A4 /* PublishListTVC.swift in Sources */,
				0A918CC626B7EF5800120162 /* HouseType.swift in Sources */,
				0A918CC026B7919F00120162 /* ZCycleView.swift in Sources */,
				4430670226AD44D700E918B2 /* Area.swift in Sources */,
				0A918CC226B79A3100120162 /* CustomCollectionViewCell.swift in Sources */,
				B6EA91E226B2ECD600D14659 /* HouseOwnerListVC.swift in Sources */,
				443066BF26AD010100E918B2 /* AppDelegate.swift in Sources */,
				443066C126AD010100E918B2 /* SceneDelegate.swift in Sources */,
				4430670C26AD494C00E918B2 /* Message.swift in Sources */,
				B6FB0D8026B51BAE00AD7B6F /* HouseOwnerDetailVC.swift in Sources */,
				B68FC35126AD220A001141D5 /* Common.swift in Sources */,
				9B0D4D9E26BEF729007BFCAB /* PostListVC.swift in Sources */,
				443066C926AD010100E918B2 /* Project_ForFun_IOS.xcdatamodeld in Sources */,
				0A7B0C6126AFB847000C9A5E /* PublishDetailVC.swift in Sources */,
			);
			runOnlyForDeploymentPostprocessing = 0;
		};
/* End PBXSourcesBuildPhase section */

/* Begin PBXVariantGroup section */
		443066C426AD010100E918B2 /* Main.storyboard */ = {
			isa = PBXVariantGroup;
			children = (
				443066C526AD010100E918B2 /* Base */,
			);
			name = Main.storyboard;
			sourceTree = "<group>";
		};
		443066CC26AD010200E918B2 /* LaunchScreen.storyboard */ = {
			isa = PBXVariantGroup;
			children = (
				443066CD26AD010200E918B2 /* Base */,
			);
			name = LaunchScreen.storyboard;
			sourceTree = "<group>";
		};
/* End PBXVariantGroup section */

/* Begin XCBuildConfiguration section */
		443066D026AD010200E918B2 /* Debug */ = {
			isa = XCBuildConfiguration;
			buildSettings = {
				ALWAYS_SEARCH_USER_PATHS = NO;
				CLANG_ANALYZER_NONNULL = YES;
				CLANG_ANALYZER_NUMBER_OBJECT_CONVERSION = YES_AGGRESSIVE;
				CLANG_CXX_LANGUAGE_STANDARD = "gnu++14";
				CLANG_CXX_LIBRARY = "libc++";
				CLANG_ENABLE_MODULES = YES;
				CLANG_ENABLE_OBJC_ARC = YES;
				CLANG_ENABLE_OBJC_WEAK = YES;
				CLANG_WARN_BLOCK_CAPTURE_AUTORELEASING = YES;
				CLANG_WARN_BOOL_CONVERSION = YES;
				CLANG_WARN_COMMA = YES;
				CLANG_WARN_CONSTANT_CONVERSION = YES;
				CLANG_WARN_DEPRECATED_OBJC_IMPLEMENTATIONS = YES;
				CLANG_WARN_DIRECT_OBJC_ISA_USAGE = YES_ERROR;
				CLANG_WARN_DOCUMENTATION_COMMENTS = YES;
				CLANG_WARN_EMPTY_BODY = YES;
				CLANG_WARN_ENUM_CONVERSION = YES;
				CLANG_WARN_INFINITE_RECURSION = YES;
				CLANG_WARN_INT_CONVERSION = YES;
				CLANG_WARN_NON_LITERAL_NULL_CONVERSION = YES;
				CLANG_WARN_OBJC_IMPLICIT_RETAIN_SELF = YES;
				CLANG_WARN_OBJC_LITERAL_CONVERSION = YES;
				CLANG_WARN_OBJC_ROOT_CLASS = YES_ERROR;
				CLANG_WARN_QUOTED_INCLUDE_IN_FRAMEWORK_HEADER = YES;
				CLANG_WARN_RANGE_LOOP_ANALYSIS = YES;
				CLANG_WARN_STRICT_PROTOTYPES = YES;
				CLANG_WARN_SUSPICIOUS_MOVE = YES;
				CLANG_WARN_UNGUARDED_AVAILABILITY = YES_AGGRESSIVE;
				CLANG_WARN_UNREACHABLE_CODE = YES;
				CLANG_WARN__DUPLICATE_METHOD_MATCH = YES;
				COPY_PHASE_STRIP = NO;
				DEBUG_INFORMATION_FORMAT = dwarf;
				ENABLE_STRICT_OBJC_MSGSEND = YES;
				ENABLE_TESTABILITY = YES;
				GCC_C_LANGUAGE_STANDARD = gnu11;
				GCC_DYNAMIC_NO_PIC = NO;
				GCC_NO_COMMON_BLOCKS = YES;
				GCC_OPTIMIZATION_LEVEL = 0;
				GCC_PREPROCESSOR_DEFINITIONS = (
					"DEBUG=1",
					"$(inherited)",
				);
				GCC_WARN_64_TO_32_BIT_CONVERSION = YES;
				GCC_WARN_ABOUT_RETURN_TYPE = YES_ERROR;
				GCC_WARN_UNDECLARED_SELECTOR = YES;
				GCC_WARN_UNINITIALIZED_AUTOS = YES_AGGRESSIVE;
				GCC_WARN_UNUSED_FUNCTION = YES;
				GCC_WARN_UNUSED_VARIABLE = YES;
				IPHONEOS_DEPLOYMENT_TARGET = 14.5;
				MTL_ENABLE_DEBUG_INFO = INCLUDE_SOURCE;
				MTL_FAST_MATH = YES;
				ONLY_ACTIVE_ARCH = YES;
				SDKROOT = iphoneos;
				SWIFT_ACTIVE_COMPILATION_CONDITIONS = DEBUG;
				SWIFT_OPTIMIZATION_LEVEL = "-Onone";
			};
			name = Debug;
		};
		443066D126AD010200E918B2 /* Release */ = {
			isa = XCBuildConfiguration;
			buildSettings = {
				ALWAYS_SEARCH_USER_PATHS = NO;
				CLANG_ANALYZER_NONNULL = YES;
				CLANG_ANALYZER_NUMBER_OBJECT_CONVERSION = YES_AGGRESSIVE;
				CLANG_CXX_LANGUAGE_STANDARD = "gnu++14";
				CLANG_CXX_LIBRARY = "libc++";
				CLANG_ENABLE_MODULES = YES;
				CLANG_ENABLE_OBJC_ARC = YES;
				CLANG_ENABLE_OBJC_WEAK = YES;
				CLANG_WARN_BLOCK_CAPTURE_AUTORELEASING = YES;
				CLANG_WARN_BOOL_CONVERSION = YES;
				CLANG_WARN_COMMA = YES;
				CLANG_WARN_CONSTANT_CONVERSION = YES;
				CLANG_WARN_DEPRECATED_OBJC_IMPLEMENTATIONS = YES;
				CLANG_WARN_DIRECT_OBJC_ISA_USAGE = YES_ERROR;
				CLANG_WARN_DOCUMENTATION_COMMENTS = YES;
				CLANG_WARN_EMPTY_BODY = YES;
				CLANG_WARN_ENUM_CONVERSION = YES;
				CLANG_WARN_INFINITE_RECURSION = YES;
				CLANG_WARN_INT_CONVERSION = YES;
				CLANG_WARN_NON_LITERAL_NULL_CONVERSION = YES;
				CLANG_WARN_OBJC_IMPLICIT_RETAIN_SELF = YES;
				CLANG_WARN_OBJC_LITERAL_CONVERSION = YES;
				CLANG_WARN_OBJC_ROOT_CLASS = YES_ERROR;
				CLANG_WARN_QUOTED_INCLUDE_IN_FRAMEWORK_HEADER = YES;
				CLANG_WARN_RANGE_LOOP_ANALYSIS = YES;
				CLANG_WARN_STRICT_PROTOTYPES = YES;
				CLANG_WARN_SUSPICIOUS_MOVE = YES;
				CLANG_WARN_UNGUARDED_AVAILABILITY = YES_AGGRESSIVE;
				CLANG_WARN_UNREACHABLE_CODE = YES;
				CLANG_WARN__DUPLICATE_METHOD_MATCH = YES;
				COPY_PHASE_STRIP = NO;
				DEBUG_INFORMATION_FORMAT = "dwarf-with-dsym";
				ENABLE_NS_ASSERTIONS = NO;
				ENABLE_STRICT_OBJC_MSGSEND = YES;
				GCC_C_LANGUAGE_STANDARD = gnu11;
				GCC_NO_COMMON_BLOCKS = YES;
				GCC_WARN_64_TO_32_BIT_CONVERSION = YES;
				GCC_WARN_ABOUT_RETURN_TYPE = YES_ERROR;
				GCC_WARN_UNDECLARED_SELECTOR = YES;
				GCC_WARN_UNINITIALIZED_AUTOS = YES_AGGRESSIVE;
				GCC_WARN_UNUSED_FUNCTION = YES;
				GCC_WARN_UNUSED_VARIABLE = YES;
				IPHONEOS_DEPLOYMENT_TARGET = 14.5;
				MTL_ENABLE_DEBUG_INFO = NO;
				MTL_FAST_MATH = YES;
				SDKROOT = iphoneos;
				SWIFT_COMPILATION_MODE = wholemodule;
				SWIFT_OPTIMIZATION_LEVEL = "-O";
				VALIDATE_PRODUCT = YES;
			};
			name = Release;
		};
		443066D326AD010200E918B2 /* Debug */ = {
			isa = XCBuildConfiguration;
			buildSettings = {
				ASSETCATALOG_COMPILER_APPICON_NAME = AppIcon;
				ASSETCATALOG_COMPILER_GLOBAL_ACCENT_COLOR_NAME = AccentColor;
				CODE_SIGN_STYLE = Automatic;
				INFOPLIST_FILE = Project_ForFun_IOS/Info.plist;
				LD_RUNPATH_SEARCH_PATHS = (
					"$(inherited)",
					"@executable_path/Frameworks",
				);
				PRODUCT_BUNDLE_IDENTIFIER = "com-hank.Project-ForFun-IOS";
				PRODUCT_NAME = "$(TARGET_NAME)";
				SWIFT_VERSION = 5.0;
				TARGETED_DEVICE_FAMILY = "1,2";
			};
			name = Debug;
		};
		443066D426AD010200E918B2 /* Release */ = {
			isa = XCBuildConfiguration;
			buildSettings = {
				ASSETCATALOG_COMPILER_APPICON_NAME = AppIcon;
				ASSETCATALOG_COMPILER_GLOBAL_ACCENT_COLOR_NAME = AccentColor;
				CODE_SIGN_STYLE = Automatic;
				INFOPLIST_FILE = Project_ForFun_IOS/Info.plist;
				LD_RUNPATH_SEARCH_PATHS = (
					"$(inherited)",
					"@executable_path/Frameworks",
				);
				PRODUCT_BUNDLE_IDENTIFIER = "com-hank.Project-ForFun-IOS";
				PRODUCT_NAME = "$(TARGET_NAME)";
				SWIFT_VERSION = 5.0;
				TARGETED_DEVICE_FAMILY = "1,2";
			};
			name = Release;
		};
/* End XCBuildConfiguration section */

/* Begin XCConfigurationList section */
		443066B626AD010100E918B2 /* Build configuration list for PBXProject "Project_ForFun_IOS" */ = {
			isa = XCConfigurationList;
			buildConfigurations = (
				443066D026AD010200E918B2 /* Debug */,
				443066D126AD010200E918B2 /* Release */,
			);
			defaultConfigurationIsVisible = 0;
			defaultConfigurationName = Release;
		};
		443066D226AD010200E918B2 /* Build configuration list for PBXNativeTarget "Project_ForFun_IOS" */ = {
			isa = XCConfigurationList;
			buildConfigurations = (
				443066D326AD010200E918B2 /* Debug */,
				443066D426AD010200E918B2 /* Release */,
			);
			defaultConfigurationIsVisible = 0;
			defaultConfigurationName = Release;
		};
/* End XCConfigurationList section */

/* Begin XCRemoteSwiftPackageReference section */
		0A918CB426B7901800120162 /* XCRemoteSwiftPackageReference "SDWebImage" */ = {
			isa = XCRemoteSwiftPackageReference;
			repositoryURL = "https://github.com/SDWebImage/SDWebImage";
			requirement = {
				kind = upToNextMajorVersion;
				minimumVersion = 5.11.1;
			};
		};
		0A918CB726B7904900120162 /* XCRemoteSwiftPackageReference "SnapKit" */ = {
			isa = XCRemoteSwiftPackageReference;
			repositoryURL = "https://github.com/SnapKit/SnapKit";
			requirement = {
				kind = upToNextMajorVersion;
				minimumVersion = 5.0.1;
			};
		};
		443066D526AD024800E918B2 /* XCRemoteSwiftPackageReference "firebase-ios-sdk" */ = {
			isa = XCRemoteSwiftPackageReference;
			repositoryURL = "https://github.com/firebase/firebase-ios-sdk";
			requirement = {
				kind = upToNextMajorVersion;
				minimumVersion = 8.4.0;
			};
		};
/* End XCRemoteSwiftPackageReference section */

/* Begin XCSwiftPackageProductDependency section */
		0A918CB526B7901800120162 /* SDWebImage */ = {
			isa = XCSwiftPackageProductDependency;
			package = 0A918CB426B7901800120162 /* XCRemoteSwiftPackageReference "SDWebImage" */;
			productName = SDWebImage;
		};
		0A918CB826B7904900120162 /* SnapKit */ = {
			isa = XCSwiftPackageProductDependency;
			package = 0A918CB726B7904900120162 /* XCRemoteSwiftPackageReference "SnapKit" */;
			productName = SnapKit;
		};
		443066D626AD024800E918B2 /* FirebaseDatabaseSwift-Beta */ = {
			isa = XCSwiftPackageProductDependency;
			package = 443066D526AD024800E918B2 /* XCRemoteSwiftPackageReference "firebase-ios-sdk" */;
			productName = "FirebaseDatabaseSwift-Beta";
		};
		443066D826AD024800E918B2 /* FirebaseFirestoreSwift-Beta */ = {
			isa = XCSwiftPackageProductDependency;
			package = 443066D526AD024800E918B2 /* XCRemoteSwiftPackageReference "firebase-ios-sdk" */;
			productName = "FirebaseFirestoreSwift-Beta";
		};
		443066DA26AD024800E918B2 /* FirebaseMessaging */ = {
			isa = XCSwiftPackageProductDependency;
			package = 443066D526AD024800E918B2 /* XCRemoteSwiftPackageReference "firebase-ios-sdk" */;
			productName = FirebaseMessaging;
		};
		443066DC26AD024800E918B2 /* FirebaseAuth */ = {
			isa = XCSwiftPackageProductDependency;
			package = 443066D526AD024800E918B2 /* XCRemoteSwiftPackageReference "firebase-ios-sdk" */;
			productName = FirebaseAuth;
		};
		443066DE26AD024800E918B2 /* FirebaseStorageSwift-Beta */ = {
			isa = XCSwiftPackageProductDependency;
			package = 443066D526AD024800E918B2 /* XCRemoteSwiftPackageReference "firebase-ios-sdk" */;
			productName = "FirebaseStorageSwift-Beta";
		};
/* End XCSwiftPackageProductDependency section */

/* Begin XCVersionGroup section */
		443066C726AD010100E918B2 /* Project_ForFun_IOS.xcdatamodeld */ = {
			isa = XCVersionGroup;
			children = (
				443066C826AD010100E918B2 /* Project_ForFun_IOS.xcdatamodel */,
			);
			currentVersion = 443066C826AD010100E918B2 /* Project_ForFun_IOS.xcdatamodel */;
			path = Project_ForFun_IOS.xcdatamodeld;
			sourceTree = "<group>";
			versionGroupType = wrapper.xcdatamodel;
		};
/* End XCVersionGroup section */
	};
	rootObject = 443066B326AD010100E918B2 /* Project object */;
}
